
Microsoft Visual Studio Solution File, Format Version 12.00
# Visual Studio 15
VisualStudioVersion = 15.0.27703.2042
MinimumVisualStudioVersion = 10.0.40219.1
Project("{FAE04EC0-301F-11D3-BF4B-00C04F79EFBC}") = "StudentNames", "StudentNames\StudentNames.csproj", "{863E68B1-179E-4B86-974F-75C2F57DDCB8}"
EndProject
Global
	GlobalSection(SolutionConfigurationPlatforms) = preSolution
		Debug|Any CPU = Debug|Any CPU
		Release|Any CPU = Release|Any CPU
	EndGlobalSection
	GlobalSection(ProjectConfigurationPlatforms) = postSolution
		{863E68B1-179E-4B86-974F-75C2F57DDCB8}.Debug|Any CPU.ActiveCfg = Debug|Any CPU
		{863E68B1-179E-4B86-974F-75C2F57DDCB8}.Debug|Any CPU.Build.0 = Debug|Any CPU
		{863E68B1-179E-4B86-974F-75C2F57DDCB8}.Release|Any CPU.ActiveCfg = Release|Any CPU
		{863E68B1-179E-4B86-974F-75C2F57DDCB8}.Release|Any CPU.Build.0 = Release|Any CPU
	EndGlobalSection
	GlobalSection(SolutionProperties) = preSolution
		HideSolutionNode = FALSE
	EndGlobalSection
	GlobalSection(ExtensibilityGlobals) = postSolution
		SolutionGuid = {78C3EB6C-F5D6-4432-97D1-54E1BF2CC85F}
	EndGlobalSection
EndGlobal
